// !$*UTF8*$!
{
	archiveVersion = 1;
	classes = {
	};
	objectVersion = 60;
	objects = {

/* Begin PBXBuildFile section */
		4A1C0E392EED000100A17B01 /* ZenFireBrowserApp.swift in Sources */ = {isa = PBXBuildFile; fileRef = 4A1C0E382EED000100A17B01 /* ZenFireBrowserApp.swift */; };
		4A1C0E3B2EED000100A17B01 /* BrowserTab.swift in Sources */ = {isa = PBXBuildFile; fileRef = 4A1C0E3A2EED000100A17B01 /* BrowserTab.swift */; };
		4A1C0E3D2EED000100A17B01 /* BrowserViewModel.swift in Sources */ = {isa = PBXBuildFile; fileRef = 4A1C0E3C2EED000100A17B01 /* BrowserViewModel.swift */; };
		4A1C0E3F2EED000100A17B01 /* BrowserWebView.swift in Sources */ = {isa = PBXBuildFile; fileRef = 4A1C0E3E2EED000100A17B01 /* BrowserWebView.swift */; };
		4A1C0E412EED000100A17B01 /* ContentView.swift in Sources */ = {isa = PBXBuildFile; fileRef = 4A1C0E402EED000100A17B01 /* ContentView.swift */; };
		4A1C0E432EED000100A17B01 /* WebKit.framework in Frameworks */ = {isa = PBXBuildFile; fileRef = 4A1C0E422EED000100A17B01 /* WebKit.framework */; };
		4A1C0E4E2EED000100A17B01 /* BrowserTheme.swift in Sources */ = {isa = PBXBuildFile; fileRef = 4A1C0E4D2EED000100A17B01 /* BrowserTheme.swift */; };
		4A1C0E512EED000100A17B01 /* BrowserModels.swift in Sources */ = {isa = PBXBuildFile; fileRef = 4A1C0E502EED000100A17B01 /* BrowserModels.swift */; };
		4A1C0E532EED000100A17B01 /* BrowserContentBlocker.swift in Sources */ = {isa = PBXBuildFile; fileRef = 4A1C0E522EED000100A17B01 /* BrowserContentBlocker.swift */; };
		4A1C0E552EED000100A17B01 /* CustomVPNController.swift in Sources */ = {isa = PBXBuildFile; fileRef = 4A1C0E542EED000100A17B01 /* CustomVPNController.swift */; };
		4A1C0E572EED000100A17B01 /* NetworkExtension.framework in Frameworks */ = {isa = PBXBuildFile; fileRef = 4A1C0E562EED000100A17B01 /* NetworkExtension.framework */; };
		4A1C0E592EED000100A17B01 /* Assets.xcassets in Resources */ = {isa = PBXBuildFile; fileRef = 4A1C0E582EED000100A17B01 /* Assets.xcassets */; };
		4A1C0E5B2EED000100A17B01 /* SecureBrowserVault.swift in Sources */ = {isa = PBXBuildFile; fileRef = 4A1C0E5A2EED000100A17B01 /* SecureBrowserVault.swift */; };
		4A1C0E5D2EED000100A17B01 /* Security.framework in Frameworks */ = {isa = PBXBuildFile; fileRef = 4A1C0E5C2EED000100A17B01 /* Security.framework */; };
		4A1C0E5F2EED000100A17B01 /* LocalAuthentication.framework in Frameworks */ = {isa = PBXBuildFile; fileRef = 4A1C0E5E2EED000100A17B01 /* LocalAuthentication.framework */; };
		4A1C0E622EED000100A17B01 /* AppCrashReporter.swift in Sources */ = {isa = PBXBuildFile; fileRef = 4A1C0E612EED000100A17B01 /* AppCrashReporter.swift */; };
		4A1C0E642EED000100A17B01 /* BrowserEngineEdition.swift in Sources */ = {isa = PBXBuildFile; fileRef = 4A1C0E632EED000100A17B01 /* BrowserEngineEdition.swift */; };
/* End PBXBuildFile section */

/* Begin PBXFileReference section */
		4A1C0E342EED000100A17B01 /* ZenFireBrowser.app */ = {isa = PBXFileReference; explicitFileType = wrapper.application; includeInIndex = 0; path = ZenFireBrowser.app; sourceTree = BUILT_PRODUCTS_DIR; };
		4A1C0E382EED000100A17B01 /* ZenFireBrowserApp.swift */ = {isa = PBXFileReference; lastKnownFileType = sourcecode.swift; path = ZenFireBrowserApp.swift; sourceTree = "<group>"; };
		4A1C0E3A2EED000100A17B01 /* BrowserTab.swift */ = {isa = PBXFileReference; lastKnownFileType = sourcecode.swift; path = BrowserTab.swift; sourceTree = "<group>"; };
		4A1C0E3C2EED000100A17B01 /* BrowserViewModel.swift */ = {isa = PBXFileReference; lastKnownFileType = sourcecode.swift; path = BrowserViewModel.swift; sourceTree = "<group>"; };
		4A1C0E3E2EED000100A17B01 /* BrowserWebView.swift */ = {isa = PBXFileReference; lastKnownFileType = sourcecode.swift; path = BrowserWebView.swift; sourceTree = "<group>"; };
		4A1C0E402EED000100A17B01 /* ContentView.swift */ = {isa = PBXFileReference; lastKnownFileType = sourcecode.swift; path = ContentView.swift; sourceTree = "<group>"; };
		4A1C0E442EED000100A17B01 /* Info.plist */ = {isa = PBXFileReference; lastKnownFileType = text.plist.xml; path = Info.plist; sourceTree = "<group>"; };
		4A1C0E422EED000100A17B01 /* WebKit.framework */ = {isa = PBXFileReference; lastKnownFileType = wrapper.framework; name = WebKit.framework; path = System/Library/Frameworks/WebKit.framework; sourceTree = SDKROOT; };
		4A1C0E4D2EED000100A17B01 /* BrowserTheme.swift */ = {isa = PBXFileReference; lastKnownFileType = sourcecode.swift; path = BrowserTheme.swift; sourceTree = "<group>"; };
		4A1C0E502EED000100A17B01 /* BrowserModels.swift */ = {isa = PBXFileReference; lastKnownFileType = sourcecode.swift; path = BrowserModels.swift; sourceTree = "<group>"; };
		4A1C0E522EED000100A17B01 /* BrowserContentBlocker.swift */ = {isa = PBXFileReference; lastKnownFileType = sourcecode.swift; path = BrowserContentBlocker.swift; sourceTree = "<group>"; };
		4A1C0E542EED000100A17B01 /* CustomVPNController.swift */ = {isa = PBXFileReference; lastKnownFileType = sourcecode.swift; path = CustomVPNController.swift; sourceTree = "<group>"; };
		4A1C0E562EED000100A17B01 /* NetworkExtension.framework */ = {isa = PBXFileReference; lastKnownFileType = wrapper.framework; name = NetworkExtension.framework; path = System/Library/Frameworks/NetworkExtension.framework; sourceTree = SDKROOT; };
		4A1C0E582EED000100A17B01 /* Assets.xcassets */ = {isa = PBXFileReference; lastKnownFileType = folder.assetcatalog; path = Assets.xcassets; sourceTree = "<group>"; };
		4A1C0E5A2EED000100A17B01 /* SecureBrowserVault.swift */ = {isa = PBXFileReference; lastKnownFileType = sourcecode.swift; path = SecureBrowserVault.swift; sourceTree = "<group>"; };
		4A1C0E5C2EED000100A17B01 /* Security.framework */ = {isa = PBXFileReference; lastKnownFileType = wrapper.framework; name = Security.framework; path = System/Library/Frameworks/Security.framework; sourceTree = SDKROOT; };
		4A1C0E5E2EED000100A17B01 /* LocalAuthentication.framework */ = {isa = PBXFileReference; lastKnownFileType = wrapper.framework; name = LocalAuthentication.framework; path = System/Library/Frameworks/LocalAuthentication.framework; sourceTree = SDKROOT; };
		4A1C0E612EED000100A17B01 /* AppCrashReporter.swift */ = {isa = PBXFileReference; lastKnownFileType = sourcecode.swift; path = AppCrashReporter.swift; sourceTree = "<group>"; };
		4A1C0E632EED000100A17B01 /* BrowserEngineEdition.swift */ = {isa = PBXFileReference; lastKnownFileType = sourcecode.swift; path = BrowserEngineEdition.swift; sourceTree = "<group>"; };
/* End PBXFileReference section */

/* Begin PBXFrameworksBuildPhase section */
		4A1C0E312EED000100A17B01 /* Frameworks */ = {
			isa = PBXFrameworksBuildPhase;
			buildActionMask = 2147483647;
			files = (
				4A1C0E5F2EED000100A17B01 /* LocalAuthentication.framework in Frameworks */,
				4A1C0E5D2EED000100A17B01 /* Security.framework in Frameworks */,
				4A1C0E572EED000100A17B01 /* NetworkExtension.framework in Frameworks */,
				4A1C0E432EED000100A17B01 /* WebKit.framework in Frameworks */,
			);
			runOnlyForDeploymentPostprocessing = 0;
		};
/* End PBXFrameworksBuildPhase section */

/* Begin PBXGroup section */
		4A1C0E2B2EED000100A17B01 = {
			isa = PBXGroup;
			children = (
				4A1C0E372EED000100A17B01 /* ZenFireBrowser */,
				4A1C0E452EED000100A17B01 /* Frameworks */,
				4A1C0E352EED000100A17B01 /* Products */,
			);
			sourceTree = "<group>";
		};
		4A1C0E352EED000100A17B01 /* Products */ = {
			isa = PBXGroup;
			children = (
				4A1C0E342EED000100A17B01 /* ZenFireBrowser.app */,
			);
			name = Products;
			sourceTree = "<group>";
		};
		4A1C0E372EED000100A17B01 /* ZenFireBrowser */ = {
			isa = PBXGroup;
			children = (
				4A1C0E382EED000100A17B01 /* ZenFireBrowserApp.swift */,
				4A1C0E502EED000100A17B01 /* BrowserModels.swift */,
				4A1C0E632EED000100A17B01 /* BrowserEngineEdition.swift */,
				4A1C0E522EED000100A17B01 /* BrowserContentBlocker.swift */,
				4A1C0E3A2EED000100A17B01 /* BrowserTab.swift */,
				4A1C0E4D2EED000100A17B01 /* BrowserTheme.swift */,
				4A1C0E612EED000100A17B01 /* AppCrashReporter.swift */,
				4A1C0E5A2EED000100A17B01 /* SecureBrowserVault.swift */,
				4A1C0E3C2EED000100A17B01 /* BrowserViewModel.swift */,
				4A1C0E3E2EED000100A17B01 /* BrowserWebView.swift */,
				4A1C0E402EED000100A17B01 /* ContentView.swift */,
				4A1C0E542EED000100A17B01 /* CustomVPNController.swift */,
				4A1C0E582EED000100A17B01 /* Assets.xcassets */,
				4A1C0E442EED000100A17B01 /* Info.plist */,
			);
			path = ZenFireBrowser;
			sourceTree = "<group>";
		};
		4A1C0E452EED000100A17B01 /* Frameworks */ = {
			isa = PBXGroup;
			children = (
				4A1C0E562EED000100A17B01 /* NetworkExtension.framework */,
				4A1C0E5E2EED000100A17B01 /* LocalAuthentication.framework */,
				4A1C0E5C2EED000100A17B01 /* Security.framework */,
				4A1C0E422EED000100A17B01 /* WebKit.framework */,
			);
			name = Frameworks;
			sourceTree = "<group>";
		};
/* End PBXGroup section */

/* Begin PBXNativeTarget section */
		4A1C0E332EED000100A17B01 /* ZenFireBrowser */ = {
			isa = PBXNativeTarget;
			buildConfigurationList = 4A1C0E4C2EED000100A17B01 /* Build configuration list for PBXNativeTarget "ZenFireBrowser" */;
			buildPhases = (
				4A1C0E302EED000100A17B01 /* Sources */,
				4A1C0E312EED000100A17B01 /* Frameworks */,
				4A1C0E322EED000100A17B01 /* Resources */,
			);
			buildRules = (
			);
			dependencies = (
			);
			name = ZenFireBrowser;
			productName = ZenFireBrowser;
			productReference = 4A1C0E342EED000100A17B01 /* ZenFireBrowser.app */;
			productType = "com.apple.product-type.application";
		};
/* End PBXNativeTarget section */

/* Begin PBXProject section */
		4A1C0E2C2EED000100A17B01 /* Project object */ = {
			isa = PBXProject;
			attributes = {
				BuildIndependentTargetsInParallel = 1;
				LastSwiftUpdateCheck = 1600;
				LastUpgradeCheck = 1600;
				TargetAttributes = {
					4A1C0E332EED000100A17B01 = {
						CreatedOnToolsVersion = 16.0;
					};
				};
			};
			buildConfigurationList = 4A1C0E2F2EED000100A17B01 /* Build configuration list for PBXProject "ZenFireBrowser" */;
			compatibilityVersion = "Xcode 15.0";
			developmentRegion = en;
			hasScannedForEncodings = 0;
			knownRegions = (
				en,
				Base,
			);
			mainGroup = 4A1C0E2B2EED000100A17B01;
			productRefGroup = 4A1C0E352EED000100A17B01 /* Products */;
			projectDirPath = "";
			projectRoot = "";
			targets = (
				4A1C0E332EED000100A17B01 /* ZenFireBrowser */,
			);
		};
/* End PBXProject section */

/* Begin PBXResourcesBuildPhase section */
		4A1C0E322EED000100A17B01 /* Resources */ = {
			isa = PBXResourcesBuildPhase;
			buildActionMask = 2147483647;
			files = (
				4A1C0E592EED000100A17B01 /* Assets.xcassets in Resources */,
			);
			runOnlyForDeploymentPostprocessing = 0;
		};
/* End PBXResourcesBuildPhase section */

/* Begin PBXSourcesBuildPhase section */
		4A1C0E302EED000100A17B01 /* Sources */ = {
			isa = PBXSourcesBuildPhase;
			buildActionMask = 2147483647;
			files = (
				4A1C0E392EED000100A17B01 /* ZenFireBrowserApp.swift in Sources */,
				4A1C0E3B2EED000100A17B01 /* BrowserTab.swift in Sources */,
				4A1C0E3D2EED000100A17B01 /* BrowserViewModel.swift in Sources */,
				4A1C0E512EED000100A17B01 /* BrowserModels.swift in Sources */,
				4A1C0E642EED000100A17B01 /* BrowserEngineEdition.swift in Sources */,
				4A1C0E532EED000100A17B01 /* BrowserContentBlocker.swift in Sources */,
				4A1C0E4E2EED000100A17B01 /* BrowserTheme.swift in Sources */,
				4A1C0E622EED000100A17B01 /* AppCrashReporter.swift in Sources */,
				4A1C0E5B2EED000100A17B01 /* SecureBrowserVault.swift in Sources */,
				4A1C0E3F2EED000100A17B01 /* BrowserWebView.swift in Sources */,
				4A1C0E412EED000100A17B01 /* ContentView.swift in Sources */,
				4A1C0E552EED000100A17B01 /* CustomVPNController.swift in Sources */,
			);
			runOnlyForDeploymentPostprocessing = 0;
		};
/* End PBXSourcesBuildPhase section */

/* Begin XCBuildConfiguration section */
		4A1C0E462EED000100A17B01 /* Debug */ = {
			isa = XCBuildConfiguration;
			buildSettings = {
				ALWAYS_SEARCH_USER_PATHS = NO;
				CLANG_ANALYZER_NONNULL = YES;
				CLANG_ANALYZER_NUMBER_OBJECT_CONVERSION = YES_AGGRESSIVE;
				CLANG_CXX_LANGUAGE_STANDARD = "gnu++20";
				CLANG_ENABLE_MODULES = YES;
				CLANG_ENABLE_OBJC_ARC = YES;
				CLANG_ENABLE_OBJC_WEAK = YES;
				CLANG_WARN_BLOCK_CAPTURE_AUTORELEASING = YES;
				CLANG_WARN_BOOL_CONVERSION = YES;
				CLANG_WARN_COMMA = YES;
				CLANG_WARN_CONSTANT_CONVERSION = YES;
				CLANG_WARN_DEPRECATED_OBJC_IMPLEMENTATIONS = YES;
				CLANG_WARN_DIRECT_OBJC_ISA_USAGE = YES_ERROR;
				CLANG_WARN_DOCUMENTATION_COMMENTS = YES;
				CLANG_WARN_EMPTY_BODY = YES;
				CLANG_WARN_ENUM_CONVERSION = YES;
				CLANG_WARN_INFINITE_RECURSION = YES;
				CLANG_WARN_INT_CONVERSION = YES;
				CLANG_WARN_NON_LITERAL_NULL_CONVERSION = YES;
				CLANG_WARN_OBJC_IMPLICIT_RETAIN_SELF = YES;
				CLANG_WARN_OBJC_LITERAL_CONVERSION = YES;
				CLANG_WARN_OBJC_ROOT_CLASS = YES_ERROR;
				CLANG_WARN_QUOTED_INCLUDE_IN_FRAMEWORK_HEADER = YES;
				CLANG_WARN_RANGE_LOOP_ANALYSIS = YES;
				CLANG_WARN_STRICT_PROTOTYPES = YES;
				CLANG_WARN_SUSPICIOUS_MOVE = YES;
				CLANG_WARN_UNGUARDED_AVAILABILITY = YES_AGGRESSIVE;
				CLANG_WARN_UNREACHABLE_CODE = YES;
				CLANG_WARN__DUPLICATE_METHOD_MATCH = YES;
				COPY_PHASE_STRIP = NO;
				DEBUG_INFORMATION_FORMAT = dwarf;
				ENABLE_STRICT_OBJC_MSGSEND = YES;
				ENABLE_TESTABILITY = YES;
				ENABLE_USER_SCRIPT_SANDBOXING = YES;
				GCC_C_LANGUAGE_STANDARD = gnu17;
				GCC_DYNAMIC_NO_PIC = NO;
				GCC_NO_COMMON_BLOCKS = YES;
				GCC_OPTIMIZATION_LEVEL = 0;
				GCC_PREPROCESSOR_DEFINITIONS = (
					"DEBUG=1",
					"$(inherited)",
				);
				GCC_WARN_64_TO_32_BIT_CONVERSION = YES;
				GCC_WARN_ABOUT_RETURN_TYPE = YES_ERROR;
				GCC_WARN_UNDECLARED_SELECTOR = YES;
				GCC_WARN_UNINITIALIZED_AUTOS = YES_AGGRESSIVE;
				GCC_WARN_UNUSED_FUNCTION = YES;
				GCC_WARN_UNUSED_VARIABLE = YES;
				IPHONEOS_DEPLOYMENT_TARGET = 17.0;
				MTL_ENABLE_DEBUG_INFO = INCLUDE_SOURCE;
				MTL_FAST_MATH = YES;
				ONLY_ACTIVE_ARCH = YES;
				SDKROOT = iphoneos;
				SWIFT_ACTIVE_COMPILATION_CONDITIONS = "DEBUG $(inherited)";
				SWIFT_OPTIMIZATION_LEVEL = "-Onone";
			};
			name = Debug;
		};
		4A1C0E472EED000100A17B01 /* Release */ = {
			isa = XCBuildConfiguration;
			buildSettings = {
				ALWAYS_SEARCH_USER_PATHS = NO;
				CLANG_ANALYZER_NONNULL = YES;
				CLANG_ANALYZER_NUMBER_OBJECT_CONVERSION = YES_AGGRESSIVE;
				CLANG_CXX_LANGUAGE_STANDARD = "gnu++20";
				CLANG_ENABLE_MODULES = YES;
				CLANG_ENABLE_OBJC_ARC = YES;
				CLANG_ENABLE_OBJC_WEAK = YES;
				CLANG_WARN_BLOCK_CAPTURE_AUTORELEASING = YES;
				CLANG_WARN_BOOL_CONVERSION = YES;
				CLANG_WARN_COMMA = YES;
				CLANG_WARN_CONSTANT_CONVERSION = YES;
				CLANG_WARN_DEPRECATED_OBJC_IMPLEMENTATIONS = YES;
				CLANG_WARN_DIRECT_OBJC_ISA_USAGE = YES_ERROR;
				CLANG_WARN_DOCUMENTATION_COMMENTS = YES;
				CLANG_WARN_EMPTY_BODY = YES;
				CLANG_WARN_ENUM_CONVERSION = YES;
				CLANG_WARN_INFINITE_RECURSION = YES;
				CLANG_WARN_INT_CONVERSION = YES;
				CLANG_WARN_NON_LITERAL_NULL_CONVERSION = YES;
				CLANG_WARN_OBJC_IMPLICIT_RETAIN_SELF = YES;
				CLANG_WARN_OBJC_LITERAL_CONVERSION = YES;
				CLANG_WARN_OBJC_ROOT_CLASS = YES_ERROR;
				CLANG_WARN_QUOTED_INCLUDE_IN_FRAMEWORK_HEADER = YES;
				CLANG_WARN_RANGE_LOOP_ANALYSIS = YES;
				CLANG_WARN_STRICT_PROTOTYPES = YES;
				CLANG_WARN_SUSPICIOUS_MOVE = YES;
				CLANG_WARN_UNGUARDED_AVAILABILITY = YES_AGGRESSIVE;
				CLANG_WARN_UNREACHABLE_CODE = YES;
				CLANG_WARN__DUPLICATE_METHOD_MATCH = YES;
				COPY_PHASE_STRIP = NO;
				DEBUG_INFORMATION_FORMAT = "dwarf-with-dsym";
				ENABLE_NS_ASSERTIONS = NO;
				ENABLE_STRICT_OBJC_MSGSEND = YES;
				ENABLE_USER_SCRIPT_SANDBOXING = YES;
				GCC_C_LANGUAGE_STANDARD = gnu17;
				GCC_NO_COMMON_BLOCKS = YES;
				GCC_WARN_64_TO_32_BIT_CONVERSION = YES;
				GCC_WARN_ABOUT_RETURN_TYPE = YES_ERROR;
				GCC_WARN_UNDECLARED_SELECTOR = YES;
				GCC_WARN_UNINITIALIZED_AUTOS = YES_AGGRESSIVE;
				GCC_WARN_UNUSED_FUNCTION = YES;
				GCC_WARN_UNUSED_VARIABLE = YES;
				IPHONEOS_DEPLOYMENT_TARGET = 17.0;
				MTL_ENABLE_DEBUG_INFO = NO;
				MTL_FAST_MATH = YES;
				SDKROOT = iphoneos;
				SWIFT_COMPILATION_MODE = wholemodule;
				VALIDATE_PRODUCT = YES;
			};
			name = Release;
		};
		4A1C0E492EED000100A17B01 /* Debug */ = {
			isa = XCBuildConfiguration;
			buildSettings = {
				ASSETCATALOG_COMPILER_APPICON_NAME = AppIcon;
				CODE_SIGN_STYLE = Automatic;
				CURRENT_PROJECT_VERSION = 10081;
				DEVELOPMENT_ASSET_PATHS = "";
				DEVELOPMENT_TEAM = "";
				GENERATE_INFOPLIST_FILE = NO;
				INFOPLIST_FILE = ZenFireBrowser/Info.plist;
				IPHONEOS_DEPLOYMENT_TARGET = 17.0;
				LD_RUNPATH_SEARCH_PATHS = (
					"$(inherited)",
					"@executable_path/Frameworks",
					"@executable_path/../Frameworks",
				);
				MACOSX_DEPLOYMENT_TARGET = 14.0;
				MARKETING_VERSION = 1.0.81;
				PRODUCT_BUNDLE_IDENTIFIER = com.exlon.ZenFireBrowser;
				"PRODUCT_BUNDLE_IDENTIFIER[sdk=macosx*]" = com.exlon.ZenFireBrowser.mac;
				PRODUCT_NAME = "$(TARGET_NAME)";
				SUPPORTED_PLATFORMS = "iphoneos iphonesimulator macosx";
				SUPPORTS_MACCATALYST = YES;
				SUPPORTS_MAC_DESIGNED_FOR_IPHONE_IPAD = NO;
				SWIFT_EMIT_LOC_STRINGS = YES;
				SWIFT_VERSION = 5.0;
				TARGETED_DEVICE_FAMILY = "1,2";
				"TARGETED_DEVICE_FAMILY[sdk=macosx*]" = 6;
			};
			name = Debug;
		};
		4A1C0E4A2EED000100A17B01 /* Release */ = {
			isa = XCBuildConfiguration;
			buildSettings = {
				ASSETCATALOG_COMPILER_APPICON_NAME = AppIcon;
				CODE_SIGN_STYLE = Automatic;
				CURRENT_PROJECT_VERSION = 10081;
				DEVELOPMENT_ASSET_PATHS = "";
				DEVELOPMENT_TEAM = "";
				GENERATE_INFOPLIST_FILE = NO;
				INFOPLIST_FILE = ZenFireBrowser/Info.plist;
				IPHONEOS_DEPLOYMENT_TARGET = 17.0;
				LD_RUNPATH_SEARCH_PATHS = (
					"$(inherited)",
					"@executable_path/Frameworks",
					"@executable_path/../Frameworks",
				);
				MACOSX_DEPLOYMENT_TARGET = 14.0;
				MARKETING_VERSION = 1.0.81;
				PRODUCT_BUNDLE_IDENTIFIER = com.exlon.ZenFireBrowser;
				"PRODUCT_BUNDLE_IDENTIFIER[sdk=macosx*]" = com.exlon.ZenFireBrowser.mac;
				PRODUCT_NAME = "$(TARGET_NAME)";
				SUPPORTED_PLATFORMS = "iphoneos iphonesimulator macosx";
				SUPPORTS_MACCATALYST = YES;
				SUPPORTS_MAC_DESIGNED_FOR_IPHONE_IPAD = NO;
				SWIFT_EMIT_LOC_STRINGS = YES;
				SWIFT_VERSION = 5.0;
				TARGETED_DEVICE_FAMILY = "1,2";
				"TARGETED_DEVICE_FAMILY[sdk=macosx*]" = 6;
			};
			name = Release;
		};
/* End XCBuildConfiguration section */

/* Begin XCConfigurationList section */
		4A1C0E2F2EED000100A17B01 /* Build configuration list for PBXProject "ZenFireBrowser" */ = {
			isa = XCConfigurationList;
			buildConfigurations = (
				4A1C0E462EED000100A17B01 /* Debug */,
				4A1C0E472EED000100A17B01 /* Release */,
			);
			defaultConfigurationIsVisible = 0;
			defaultConfigurationName = Release;
		};
		4A1C0E4C2EED000100A17B01 /* Build configuration list for PBXNativeTarget "ZenFireBrowser" */ = {
			isa = XCConfigurationList;
			buildConfigurations = (
				4A1C0E492EED000100A17B01 /* Debug */,
				4A1C0E4A2EED000100A17B01 /* Release */,
			);
			defaultConfigurationIsVisible = 0;
			defaultConfigurationName = Release;
		};
/* End XCConfigurationList section */
	};
	rootObject = 4A1C0E2C2EED000100A17B01 /* Project object */;
}
